
Microsoft Visual Studio Solution File, Format Version 11.00
# Visual Studio 2010
Project("{FAE04EC0-301F-11D3-BF4B-00C04F79EFBC}") = "Performance Ratio Calculator", "Performance Ratio Calculator\Performance Ratio Calculator.csproj", "{2393BFB0-BA1A-4B31-96A9-92F59AA8B7F2}"
EndProject
Project("{54435603-DBB4-11D2-8724-00A0C9A8B90C}") = "Performance Calculator Setup", "Performance Calculator Setup\Performance Calculator Setup.vdproj", "{56559487-5823-402E-90FE-11793DD78B0D}"
EndProject
Global
	GlobalSection(SolutionConfigurationPlatforms) = preSolution
		Debug|x86 = Debug|x86
		Release|x86 = Release|x86
	EndGlobalSection
	GlobalSection(ProjectConfigurationPlatforms) = postSolution
		{2393BFB0-BA1A-4B31-96A9-92F59AA8B7F2}.Debug|x86.ActiveCfg = Debug|x86
		{2393BFB0-BA1A-4B31-96A9-92F59AA8B7F2}.Debug|x86.Build.0 = Debug|x86
		{2393BFB0-BA1A-4B31-96A9-92F59AA8B7F2}.Release|x86.ActiveCfg = Release|x86
		{2393BFB0-BA1A-4B31-96A9-92F59AA8B7F2}.Release|x86.Build.0 = Release|x86
		{56559487-5823-402E-90FE-11793DD78B0D}.Debug|x86.ActiveCfg = Debug
		{56559487-5823-402E-90FE-11793DD78B0D}.Release|x86.ActiveCfg = Release
	EndGlobalSection
	GlobalSection(SolutionProperties) = preSolution
		HideSolutionNode = FALSE
	EndGlobalSection
EndGlobal
